
Microsoft Visual Studio Solution File, Format Version 12.00
# Visual Studio Version 17
VisualStudioVersion = 17.10.34707.107
MinimumVisualStudioVersion = 10.0.40219.1
Project("{9A19103F-16F7-4668-BE54-9A1E7A4F7556}") = "JeekNoteExplorer", "JeekNoteExplorer.csproj", "{C60D701D-DE05-49CE-9542-203E5A1D6949}"
EndProject
Global
	GlobalSection(SolutionConfigurationPlatforms) = preSolution
		Debug|Any CPU = Debug|Any CPU
		Release|Any CPU = Release|Any CPU
	EndGlobalSection
	GlobalSection(ProjectConfigurationPlatforms) = postSolution
		{C60D701D-DE05-49CE-9542-203E5A1D6949}.Debug|Any CPU.ActiveCfg = Debug|Any CPU
		{C60D701D-DE05-49CE-9542-203E5A1D6949}.Debug|Any CPU.Build.0 = Debug|Any CPU
		{C60D701D-DE05-49CE-9542-203E5A1D6949}.Release|Any CPU.ActiveCfg = Release|Any CPU
		{C60D701D-DE05-49CE-9542-203E5A1D6949}.Release|Any CPU.Build.0 = Release|Any CPU
	EndGlobalSection
	GlobalSection(SolutionProperties) = preSolution
		HideSolutionNode = FALSE
	EndGlobalSection
	GlobalSection(ExtensibilityGlobals) = postSolution
		SolutionGuid = {C36961A3-8C73-4CC0-B3FA-C44AD1840CBB}
	EndGlobalSection
EndGlobal
